
Microsoft Visual Studio Solution File, Format Version 12.00
# Visual Studio Version 17
VisualStudioVersion = 17.8.34330.188
MinimumVisualStudioVersion = 10.0.40219.1
Project("{9A19103F-16F7-4668-BE54-9A1E7A4F7556}") = "TripleProjectiles", "TripleProjectiles\TripleProjectiles.csproj", "{06111B6E-AA46-4369-B924-6165F20DEF35}"
EndProject
Project("{9A19103F-16F7-4668-BE54-9A1E7A4F7556}") = "StatRecorder", "StatRecorder\StatRecorder.csproj", "{3E1EA7A4-5D04-4C7E-802F-813F62183B62}"
EndProject
Project("{9A19103F-16F7-4668-BE54-9A1E7A4F7556}") = "IllegalLoudoutPrevention", "IllegalLoudoutPrevention\IllegalLoudoutPrevention.csproj", "{FB8BF08F-B96B-4B71-AED6-6871A88F3891}"
EndProject
Global
	GlobalSection(SolutionConfigurationPlatforms) = preSolution
		Debug|Any CPU = Debug|Any CPU
		Release|Any CPU = Release|Any CPU
	EndGlobalSection
	GlobalSection(ProjectConfigurationPlatforms) = postSolution
		{06111B6E-AA46-4369-B924-6165F20DEF35}.Debug|Any CPU.ActiveCfg = Debug|Any CPU
		{06111B6E-AA46-4369-B924-6165F20DEF35}.Debug|Any CPU.Build.0 = Debug|Any CPU
		{06111B6E-AA46-4369-B924-6165F20DEF35}.Release|Any CPU.ActiveCfg = Release|Any CPU
		{06111B6E-AA46-4369-B924-6165F20DEF35}.Release|Any CPU.Build.0 = Release|Any CPU
		{3E1EA7A4-5D04-4C7E-802F-813F62183B62}.Debug|Any CPU.ActiveCfg = Debug|Any CPU
		{3E1EA7A4-5D04-4C7E-802F-813F62183B62}.Debug|Any CPU.Build.0 = Debug|Any CPU
		{3E1EA7A4-5D04-4C7E-802F-813F62183B62}.Release|Any CPU.ActiveCfg = Release|Any CPU
		{3E1EA7A4-5D04-4C7E-802F-813F62183B62}.Release|Any CPU.Build.0 = Release|Any CPU
		{FB8BF08F-B96B-4B71-AED6-6871A88F3891}.Debug|Any CPU.ActiveCfg = Debug|Any CPU
		{FB8BF08F-B96B-4B71-AED6-6871A88F3891}.Debug|Any CPU.Build.0 = Debug|Any CPU
		{FB8BF08F-B96B-4B71-AED6-6871A88F3891}.Release|Any CPU.ActiveCfg = Release|Any CPU
		{FB8BF08F-B96B-4B71-AED6-6871A88F3891}.Release|Any CPU.Build.0 = Release|Any CPU
	EndGlobalSection
	GlobalSection(SolutionProperties) = preSolution
		HideSolutionNode = FALSE
	EndGlobalSection
	GlobalSection(ExtensibilityGlobals) = postSolution
		SolutionGuid = {952BA1D3-1E2F-48EE-9A8C-DD204598AB1E}
	EndGlobalSection
EndGlobal
